
Microsoft Visual Studio Solution File, Format Version 12.00
# Visual Studio Version 17
VisualStudioVersion = 17.3.32819.101
MinimumVisualStudioVersion = 10.0.40219.1
Project("{FAE04EC0-301F-11D3-BF4B-00C04F79EFBC}") = "BiletApp", "BiletApp\BiletApp.csproj", "{F3EE3D5E-284E-4915-A590-FB09474A9129}"
EndProject
Global
	GlobalSection(SolutionConfigurationPlatforms) = preSolution
		Debug|Any CPU = Debug|Any CPU
		Release|Any CPU = Release|Any CPU
	EndGlobalSection
	GlobalSection(ProjectConfigurationPlatforms) = postSolution
		{F3EE3D5E-284E-4915-A590-FB09474A9129}.Debug|Any CPU.ActiveCfg = Debug|Any CPU
		{F3EE3D5E-284E-4915-A590-FB09474A9129}.Debug|Any CPU.Build.0 = Debug|Any CPU
		{F3EE3D5E-284E-4915-A590-FB09474A9129}.Release|Any CPU.ActiveCfg = Release|Any CPU
		{F3EE3D5E-284E-4915-A590-FB09474A9129}.Release|Any CPU.Build.0 = Release|Any CPU
	EndGlobalSection
	GlobalSection(SolutionProperties) = preSolution
		HideSolutionNode = FALSE
	EndGlobalSection
	GlobalSection(ExtensibilityGlobals) = postSolution
		SolutionGuid = {C4CBF796-3973-4A4E-BA19-7E3FA3979619}
	EndGlobalSection
EndGlobal
